// !$*UTF8*$!
{
	archiveVersion = 1;
	classes = {
	};
	objectVersion = 46;
	objects = {

/* Begin PBXBuildFile section */
		50283A69BDB493C13A477095 /* libPods-Contacts.a in Frameworks */ = {isa = PBXBuildFile; fileRef = 5E56F01F8D4547B6AF24DB10 /* libPods-Contacts.a */; };
		5F61C1771BB1AAEC00E160F9 /* ContactSpec.m in Sources */ = {isa = PBXBuildFile; fileRef = 5F61C1761BB1AAEC00E160F9 /* ContactSpec.m */; };
		5F61C1791BB1AB9000E160F9 /* randomuser.me.example.json in Resources */ = {isa = PBXBuildFile; fileRef = 5F61C1781BB1AB9000E160F9 /* randomuser.me.example.json */; };
		5F61C17D1BB1AD1500E160F9 /* JsonFixtures.m in Sources */ = {isa = PBXBuildFile; fileRef = 5F61C17C1BB1AD1500E160F9 /* JsonFixtures.m */; };
		5F61C17F1BB1AF3500E160F9 /* randomuser.me.user.example.json in Resources */ = {isa = PBXBuildFile; fileRef = 5F61C17E1BB1AF3500E160F9 /* randomuser.me.user.example.json */; };
		5F6BCE221BB172A700AA0531 /* main.m in Sources */ = {isa = PBXBuildFile; fileRef = 5F6BCE211BB172A700AA0531 /* main.m */; };
		5F6BCE251BB172A700AA0531 /* AppDelegate.m in Sources */ = {isa = PBXBuildFile; fileRef = 5F6BCE241BB172A700AA0531 /* AppDelegate.m */; };
		5F6BCE281BB172A700AA0531 /* ViewController.m in Sources */ = {isa = PBXBuildFile; fileRef = 5F6BCE271BB172A700AA0531 /* ViewController.m */; };
		5F6BCE2B1BB172A700AA0531 /* Main.storyboard in Resources */ = {isa = PBXBuildFile; fileRef = 5F6BCE291BB172A700AA0531 /* Main.storyboard */; };
		5F6BCE2D1BB172A700AA0531 /* Assets.xcassets in Resources */ = {isa = PBXBuildFile; fileRef = 5F6BCE2C1BB172A700AA0531 /* Assets.xcassets */; };
		5F6BCE301BB172A700AA0531 /* LaunchScreen.storyboard in Resources */ = {isa = PBXBuildFile; fileRef = 5F6BCE2E1BB172A700AA0531 /* LaunchScreen.storyboard */; };
		5F8C43831BB1802700BA58DA /* Contact.m in Sources */ = {isa = PBXBuildFile; fileRef = 5F8C43821BB1802700BA58DA /* Contact.m */; };
		E01BE3936812467F8793B165 /* libPods-ContactsTests.a in Frameworks */ = {isa = PBXBuildFile; fileRef = 31C86FCE9045210A5DCD7FF4 /* libPods-ContactsTests.a */; };
/* End PBXBuildFile section */

/* Begin PBXContainerItemProxy section */
		5F6BCE371BB172A700AA0531 /* PBXContainerItemProxy */ = {
			isa = PBXContainerItemProxy;
			containerPortal = 5F6BCE151BB172A700AA0531 /* Project object */;
			proxyType = 1;
			remoteGlobalIDString = 5F6BCE1C1BB172A700AA0531;
			remoteInfo = Contacts;
		};
/* End PBXContainerItemProxy section */

/* Begin PBXFileReference section */
		254E0AEE3DE6ADC5A77DDE84 /* Pods-ContactsTests.release.xcconfig */ = {isa = PBXFileReference; includeInIndex = 1; lastKnownFileType = text.xcconfig; name = "Pods-ContactsTests.release.xcconfig"; path = "Pods/Target Support Files/Pods-ContactsTests/Pods-ContactsTests.release.xcconfig"; sourceTree = "<group>"; };
		31C86FCE9045210A5DCD7FF4 /* libPods-ContactsTests.a */ = {isa = PBXFileReference; explicitFileType = archive.ar; includeInIndex = 0; path = "libPods-ContactsTests.a"; sourceTree = BUILT_PRODUCTS_DIR; };
		51742D7721564FB5486AC145 /* Pods-Contacts.debug.xcconfig */ = {isa = PBXFileReference; includeInIndex = 1; lastKnownFileType = text.xcconfig; name = "Pods-Contacts.debug.xcconfig"; path = "Pods/Target Support Files/Pods-Contacts/Pods-Contacts.debug.xcconfig"; sourceTree = "<group>"; };
		5E56F01F8D4547B6AF24DB10 /* libPods-Contacts.a */ = {isa = PBXFileReference; explicitFileType = archive.ar; includeInIndex = 0; path = "libPods-Contacts.a"; sourceTree = BUILT_PRODUCTS_DIR; };
		5F60A9B91BB1784A00D0FF43 /* Contacts-Debug.xcconfig */ = {isa = PBXFileReference; fileEncoding = 4; lastKnownFileType = text.xcconfig; path = "Contacts-Debug.xcconfig"; sourceTree = "<group>"; };
		5F60A9BA1BB1784A00D0FF43 /* Contacts-Release.xcconfig */ = {isa = PBXFileReference; fileEncoding = 4; lastKnownFileType = text.xcconfig; path = "Contacts-Release.xcconfig"; sourceTree = "<group>"; };
		5F60A9BB1BB1784A00D0FF43 /* Contacts-Shared.xcconfig */ = {isa = PBXFileReference; fileEncoding = 4; lastKnownFileType = text.xcconfig; path = "Contacts-Shared.xcconfig"; sourceTree = "<group>"; };
		5F60A9BC1BB1784A00D0FF43 /* ContactsTests-Debug.xcconfig */ = {isa = PBXFileReference; fileEncoding = 4; lastKnownFileType = text.xcconfig; path = "ContactsTests-Debug.xcconfig"; sourceTree = "<group>"; };
		5F60A9BD1BB1784A00D0FF43 /* ContactsTests-Release.xcconfig */ = {isa = PBXFileReference; fileEncoding = 4; lastKnownFileType = text.xcconfig; path = "ContactsTests-Release.xcconfig"; sourceTree = "<group>"; };
		5F60A9BE1BB1784A00D0FF43 /* ContactsTests-Shared.xcconfig */ = {isa = PBXFileReference; fileEncoding = 4; lastKnownFileType = text.xcconfig; path = "ContactsTests-Shared.xcconfig"; sourceTree = "<group>"; };
		5F60A9BF1BB1784A00D0FF43 /* Project-Debug.xcconfig */ = {isa = PBXFileReference; fileEncoding = 4; lastKnownFileType = text.xcconfig; path = "Project-Debug.xcconfig"; sourceTree = "<group>"; };
		5F60A9C01BB1784A00D0FF43 /* Project-Release.xcconfig */ = {isa = PBXFileReference; fileEncoding = 4; lastKnownFileType = text.xcconfig; path = "Project-Release.xcconfig"; sourceTree = "<group>"; };
		5F60A9C11BB1784A00D0FF43 /* Project-Shared.xcconfig */ = {isa = PBXFileReference; fileEncoding = 4; lastKnownFileType = text.xcconfig; path = "Project-Shared.xcconfig"; sourceTree = "<group>"; };
		5F61C1761BB1AAEC00E160F9 /* ContactSpec.m */ = {isa = PBXFileReference; fileEncoding = 4; lastKnownFileType = sourcecode.c.objc; path = ContactSpec.m; sourceTree = "<group>"; };
		5F61C1781BB1AB9000E160F9 /* randomuser.me.example.json */ = {isa = PBXFileReference; fileEncoding = 4; lastKnownFileType = text.json; path = randomuser.me.example.json; sourceTree = "<group>"; };
		5F61C17B1BB1AD1500E160F9 /* JsonFixtures.h */ = {isa = PBXFileReference; fileEncoding = 4; lastKnownFileType = sourcecode.c.h; path = JsonFixtures.h; sourceTree = "<group>"; };
		5F61C17C1BB1AD1500E160F9 /* JsonFixtures.m */ = {isa = PBXFileReference; fileEncoding = 4; lastKnownFileType = sourcecode.c.objc; path = JsonFixtures.m; sourceTree = "<group>"; };
		5F61C17E1BB1AF3500E160F9 /* randomuser.me.user.example.json */ = {isa = PBXFileReference; fileEncoding = 4; lastKnownFileType = text.json; path = randomuser.me.user.example.json; sourceTree = "<group>"; };
		5F6BCE1D1BB172A700AA0531 /* Contacts.app */ = {isa = PBXFileReference; explicitFileType = wrapper.application; includeInIndex = 0; path = Contacts.app; sourceTree = BUILT_PRODUCTS_DIR; };
		5F6BCE211BB172A700AA0531 /* main.m */ = {isa = PBXFileReference; lastKnownFileType = sourcecode.c.objc; path = main.m; sourceTree = "<group>"; };
		5F6BCE231BB172A700AA0531 /* AppDelegate.h */ = {isa = PBXFileReference; lastKnownFileType = sourcecode.c.h; path = AppDelegate.h; sourceTree = "<group>"; };
		5F6BCE241BB172A700AA0531 /* AppDelegate.m */ = {isa = PBXFileReference; lastKnownFileType = sourcecode.c.objc; path = AppDelegate.m; sourceTree = "<group>"; };
		5F6BCE261BB172A700AA0531 /* ViewController.h */ = {isa = PBXFileReference; lastKnownFileType = sourcecode.c.h; path = ViewController.h; sourceTree = "<group>"; };
		5F6BCE271BB172A700AA0531 /* ViewController.m */ = {isa = PBXFileReference; lastKnownFileType = sourcecode.c.objc; path = ViewController.m; sourceTree = "<group>"; };
		5F6BCE2A1BB172A700AA0531 /* Base */ = {isa = PBXFileReference; lastKnownFileType = file.storyboard; name = Base; path = Base.lproj/Main.storyboard; sourceTree = "<group>"; };
		5F6BCE2C1BB172A700AA0531 /* Assets.xcassets */ = {isa = PBXFileReference; lastKnownFileType = folder.assetcatalog; path = Assets.xcassets; sourceTree = "<group>"; };
		5F6BCE2F1BB172A700AA0531 /* Base */ = {isa = PBXFileReference; lastKnownFileType = file.storyboard; name = Base; path = Base.lproj/LaunchScreen.storyboard; sourceTree = "<group>"; };
		5F6BCE311BB172A700AA0531 /* Info.plist */ = {isa = PBXFileReference; lastKnownFileType = text.plist.xml; path = Info.plist; sourceTree = "<group>"; };
		5F6BCE361BB172A700AA0531 /* ContactsTests.xctest */ = {isa = PBXFileReference; explicitFileType = wrapper.cfbundle; includeInIndex = 0; path = ContactsTests.xctest; sourceTree = BUILT_PRODUCTS_DIR; };
		5F6BCE3C1BB172A700AA0531 /* Info.plist */ = {isa = PBXFileReference; lastKnownFileType = text.plist.xml; path = Info.plist; sourceTree = "<group>"; };
		5F8C43811BB1802700BA58DA /* Contact.h */ = {isa = PBXFileReference; fileEncoding = 4; lastKnownFileType = sourcecode.c.h; path = Contact.h; sourceTree = "<group>"; };
		5F8C43821BB1802700BA58DA /* Contact.m */ = {isa = PBXFileReference; fileEncoding = 4; lastKnownFileType = sourcecode.c.objc; path = Contact.m; sourceTree = "<group>"; };
		C682A8B3473C1D8EBF613CDD /* Pods-ContactsTests.debug.xcconfig */ = {isa = PBXFileReference; includeInIndex = 1; lastKnownFileType = text.xcconfig; name = "Pods-ContactsTests.debug.xcconfig"; path = "Pods/Target Support Files/Pods-ContactsTests/Pods-ContactsTests.debug.xcconfig"; sourceTree = "<group>"; };
		EC352935097D3094A89E1182 /* Pods-Contacts.release.xcconfig */ = {isa = PBXFileReference; includeInIndex = 1; lastKnownFileType = text.xcconfig; name = "Pods-Contacts.release.xcconfig"; path = "Pods/Target Support Files/Pods-Contacts/Pods-Contacts.release.xcconfig"; sourceTree = "<group>"; };
/* End PBXFileReference section */

/* Begin PBXFrameworksBuildPhase section */
		5F6BCE1A1BB172A700AA0531 /* Frameworks */ = {
			isa = PBXFrameworksBuildPhase;
			buildActionMask = 2147483647;
			files = (
				50283A69BDB493C13A477095 /* libPods-Contacts.a in Frameworks */,
			);
			runOnlyForDeploymentPostprocessing = 0;
		};
		5F6BCE331BB172A700AA0531 /* Frameworks */ = {
			isa = PBXFrameworksBuildPhase;
			buildActionMask = 2147483647;
			files = (
				E01BE3936812467F8793B165 /* libPods-ContactsTests.a in Frameworks */,
			);
			runOnlyForDeploymentPostprocessing = 0;
		};
/* End PBXFrameworksBuildPhase section */

/* Begin PBXGroup section */
		316EE1268818AA631434F73A /* Pods */ = {
			isa = PBXGroup;
			children = (
				51742D7721564FB5486AC145 /* Pods-Contacts.debug.xcconfig */,
				EC352935097D3094A89E1182 /* Pods-Contacts.release.xcconfig */,
				C682A8B3473C1D8EBF613CDD /* Pods-ContactsTests.debug.xcconfig */,
				254E0AEE3DE6ADC5A77DDE84 /* Pods-ContactsTests.release.xcconfig */,
			);
			name = Pods;
			sourceTree = "<group>";
		};
		5F60A9B81BB177D300D0FF43 /* xcconfig */ = {
			isa = PBXGroup;
			children = (
				5F60A9B91BB1784A00D0FF43 /* Contacts-Debug.xcconfig */,
				5F60A9BA1BB1784A00D0FF43 /* Contacts-Release.xcconfig */,
				5F60A9BB1BB1784A00D0FF43 /* Contacts-Shared.xcconfig */,
				5F60A9BC1BB1784A00D0FF43 /* ContactsTests-Debug.xcconfig */,
				5F60A9BD1BB1784A00D0FF43 /* ContactsTests-Release.xcconfig */,
				5F60A9BE1BB1784A00D0FF43 /* ContactsTests-Shared.xcconfig */,
				5F60A9BF1BB1784A00D0FF43 /* Project-Debug.xcconfig */,
				5F60A9C01BB1784A00D0FF43 /* Project-Release.xcconfig */,
				5F60A9C11BB1784A00D0FF43 /* Project-Shared.xcconfig */,
			);
			path = xcconfig;
			sourceTree = "<group>";
		};
		5F61C1751BB1AAC800E160F9 /* Models */ = {
			isa = PBXGroup;
			children = (
				5F61C1761BB1AAEC00E160F9 /* ContactSpec.m */,
				5F61C1781BB1AB9000E160F9 /* randomuser.me.example.json */,
				5F61C17E1BB1AF3500E160F9 /* randomuser.me.user.example.json */,
			);
			path = Models;
			sourceTree = "<group>";
		};
		5F61C17A1BB1ACE800E160F9 /* Supporting Files */ = {
			isa = PBXGroup;
			children = (
				5F61C17B1BB1AD1500E160F9 /* JsonFixtures.h */,
				5F61C17C1BB1AD1500E160F9 /* JsonFixtures.m */,
			);
			path = "Supporting Files";
			sourceTree = "<group>";
		};
		5F6BCE141BB172A700AA0531 = {
			isa = PBXGroup;
			children = (
				5F6BCE1F1BB172A700AA0531 /* Contacts */,
				5F6BCE391BB172A700AA0531 /* ContactsTests */,
				EC97E6CE6BA6D61A1F9D1DE8 /* Frameworks */,
				316EE1268818AA631434F73A /* Pods */,
				5F6BCE1E1BB172A700AA0531 /* Products */,
				5F60A9B81BB177D300D0FF43 /* xcconfig */,
			);
			sourceTree = "<group>";
		};
		5F6BCE1E1BB172A700AA0531 /* Products */ = {
			isa = PBXGroup;
			children = (
				5F6BCE1D1BB172A700AA0531 /* Contacts.app */,
				5F6BCE361BB172A700AA0531 /* ContactsTests.xctest */,
			);
			name = Products;
			sourceTree = "<group>";
		};
		5F6BCE1F1BB172A700AA0531 /* Contacts */ = {
			isa = PBXGroup;
			children = (
				5F8C43801BB17FE500BA58DA /* Models */,
				5F6BCE201BB172A700AA0531 /* Supporting Files */,
				5F6BCE231BB172A700AA0531 /* AppDelegate.h */,
				5F6BCE241BB172A700AA0531 /* AppDelegate.m */,
				5F6BCE2C1BB172A700AA0531 /* Assets.xcassets */,
				5F6BCE311BB172A700AA0531 /* Info.plist */,
				5F6BCE2E1BB172A700AA0531 /* LaunchScreen.storyboard */,
				5F6BCE291BB172A700AA0531 /* Main.storyboard */,
				5F6BCE261BB172A700AA0531 /* ViewController.h */,
				5F6BCE271BB172A700AA0531 /* ViewController.m */,
			);
			path = Contacts;
			sourceTree = "<group>";
		};
		5F6BCE201BB172A700AA0531 /* Supporting Files */ = {
			isa = PBXGroup;
			children = (
				5F6BCE211BB172A700AA0531 /* main.m */,
			);
			path = "Supporting Files";
			sourceTree = "<group>";
		};
		5F6BCE391BB172A700AA0531 /* ContactsTests */ = {
			isa = PBXGroup;
			children = (
				5F61C1751BB1AAC800E160F9 /* Models */,
				5F61C17A1BB1ACE800E160F9 /* Supporting Files */,
				5F6BCE3C1BB172A700AA0531 /* Info.plist */,
			);
			path = ContactsTests;
			sourceTree = "<group>";
		};
		5F8C43801BB17FE500BA58DA /* Models */ = {
			isa = PBXGroup;
			children = (
				5F8C43811BB1802700BA58DA /* Contact.h */,
				5F8C43821BB1802700BA58DA /* Contact.m */,
			);
			path = Models;
			sourceTree = "<group>";
		};
		EC97E6CE6BA6D61A1F9D1DE8 /* Frameworks */ = {
			isa = PBXGroup;
			children = (
				5E56F01F8D4547B6AF24DB10 /* libPods-Contacts.a */,
				31C86FCE9045210A5DCD7FF4 /* libPods-ContactsTests.a */,
			);
			name = Frameworks;
			sourceTree = "<group>";
		};
/* End PBXGroup section */

/* Begin PBXNativeTarget section */
		5F6BCE1C1BB172A700AA0531 /* Contacts */ = {
			isa = PBXNativeTarget;
			buildConfigurationList = 5F6BCE3F1BB172A700AA0531 /* Build configuration list for PBXNativeTarget "Contacts" */;
			buildPhases = (
				95247479E54B83FE3D839FA6 /* Check Pods Manifest.lock */,
				5F6BCE191BB172A700AA0531 /* Sources */,
				5F6BCE1A1BB172A700AA0531 /* Frameworks */,
				5F6BCE1B1BB172A700AA0531 /* Resources */,
				A5BC89F4BCC9EF68B9214544 /* Copy Pods Resources */,
			);
			buildRules = (
			);
			dependencies = (
			);
			name = Contacts;
			productName = Contacts;
			productReference = 5F6BCE1D1BB172A700AA0531 /* Contacts.app */;
			productType = "com.apple.product-type.application";
		};
		5F6BCE351BB172A700AA0531 /* ContactsTests */ = {
			isa = PBXNativeTarget;
			buildConfigurationList = 5F6BCE421BB172A700AA0531 /* Build configuration list for PBXNativeTarget "ContactsTests" */;
			buildPhases = (
				95304B45F40F3E0ED4680793 /* Check Pods Manifest.lock */,
				5F6BCE321BB172A700AA0531 /* Sources */,
				5F6BCE331BB172A700AA0531 /* Frameworks */,
				5F6BCE341BB172A700AA0531 /* Resources */,
				A574201783BBAA931BEC6870 /* Copy Pods Resources */,
			);
			buildRules = (
			);
			dependencies = (
				5F6BCE381BB172A700AA0531 /* PBXTargetDependency */,
			);
			name = ContactsTests;
			productName = ContactsTests;
			productReference = 5F6BCE361BB172A700AA0531 /* ContactsTests.xctest */;
			productType = "com.apple.product-type.bundle.unit-test";
		};
/* End PBXNativeTarget section */

/* Begin PBXProject section */
		5F6BCE151BB172A700AA0531 /* Project object */ = {
			isa = PBXProject;
			attributes = {
				LastUpgradeCheck = 0700;
				ORGANIZATIONNAME = roisagiv;
				TargetAttributes = {
					5F6BCE1C1BB172A700AA0531 = {
						CreatedOnToolsVersion = 7.0;
					};
					5F6BCE351BB172A700AA0531 = {
						CreatedOnToolsVersion = 7.0;
						TestTargetID = 5F6BCE1C1BB172A700AA0531;
					};
				};
			};
			buildConfigurationList = 5F6BCE181BB172A700AA0531 /* Build configuration list for PBXProject "Contacts" */;
			compatibilityVersion = "Xcode 3.2";
			developmentRegion = English;
			hasScannedForEncodings = 0;
			knownRegions = (
				en,
				Base,
			);
			mainGroup = 5F6BCE141BB172A700AA0531;
			productRefGroup = 5F6BCE1E1BB172A700AA0531 /* Products */;
			projectDirPath = "";
			projectRoot = "";
			targets = (
				5F6BCE1C1BB172A700AA0531 /* Contacts */,
				5F6BCE351BB172A700AA0531 /* ContactsTests */,
			);
		};
/* End PBXProject section */

/* Begin PBXResourcesBuildPhase section */
		5F6BCE1B1BB172A700AA0531 /* Resources */ = {
			isa = PBXResourcesBuildPhase;
			buildActionMask = 2147483647;
			files = (
				5F6BCE301BB172A700AA0531 /* LaunchScreen.storyboard in Resources */,
				5F6BCE2D1BB172A700AA0531 /* Assets.xcassets in Resources */,
				5F6BCE2B1BB172A700AA0531 /* Main.storyboard in Resources */,
			);
			runOnlyForDeploymentPostprocessing = 0;
		};
		5F6BCE341BB172A700AA0531 /* Resources */ = {
			isa = PBXResourcesBuildPhase;
			buildActionMask = 2147483647;
			files = (
				5F61C17F1BB1AF3500E160F9 /* randomuser.me.user.example.json in Resources */,
				5F61C1791BB1AB9000E160F9 /* randomuser.me.example.json in Resources */,
			);
			runOnlyForDeploymentPostprocessing = 0;
		};
/* End PBXResourcesBuildPhase section */

/* Begin PBXShellScriptBuildPhase section */
		95247479E54B83FE3D839FA6 /* Check Pods Manifest.lock */ = {
			isa = PBXShellScriptBuildPhase;
			buildActionMask = 2147483647;
			files = (
			);
			inputPaths = (
			);
			name = "Check Pods Manifest.lock";
			outputPaths = (
			);
			runOnlyForDeploymentPostprocessing = 0;
			shellPath = /bin/sh;
			shellScript = "diff \"${PODS_ROOT}/../Podfile.lock\" \"${PODS_ROOT}/Manifest.lock\" > /dev/null\nif [[ $? != 0 ]] ; then\n    cat << EOM\nerror: The sandbox is not in sync with the Podfile.lock. Run 'pod install' or update your CocoaPods installation.\nEOM\n    exit 1\nfi\n";
			showEnvVarsInLog = 0;
		};
		95304B45F40F3E0ED4680793 /* Check Pods Manifest.lock */ = {
			isa = PBXShellScriptBuildPhase;
			buildActionMask = 2147483647;
			files = (
			);
			inputPaths = (
			);
			name = "Check Pods Manifest.lock";
			outputPaths = (
			);
			runOnlyForDeploymentPostprocessing = 0;
			shellPath = /bin/sh;
			shellScript = "diff \"${PODS_ROOT}/../Podfile.lock\" \"${PODS_ROOT}/Manifest.lock\" > /dev/null\nif [[ $? != 0 ]] ; then\n    cat << EOM\nerror: The sandbox is not in sync with the Podfile.lock. Run 'pod install' or update your CocoaPods installation.\nEOM\n    exit 1\nfi\n";
			showEnvVarsInLog = 0;
		};
		A574201783BBAA931BEC6870 /* Copy Pods Resources */ = {
			isa = PBXShellScriptBuildPhase;
			buildActionMask = 2147483647;
			files = (
			);
			inputPaths = (
			);
			name = "Copy Pods Resources";
			outputPaths = (
			);
			runOnlyForDeploymentPostprocessing = 0;
			shellPath = /bin/sh;
			shellScript = "\"${SRCROOT}/Pods/Target Support Files/Pods-ContactsTests/Pods-ContactsTests-resources.sh\"\n";
			showEnvVarsInLog = 0;
		};
		A5BC89F4BCC9EF68B9214544 /* Copy Pods Resources */ = {
			isa = PBXShellScriptBuildPhase;
			buildActionMask = 2147483647;
			files = (
			);
			inputPaths = (
			);
			name = "Copy Pods Resources";
			outputPaths = (
			);
			runOnlyForDeploymentPostprocessing = 0;
			shellPath = /bin/sh;
			shellScript = "\"${SRCROOT}/Pods/Target Support Files/Pods-Contacts/Pods-Contacts-resources.sh\"\n";
			showEnvVarsInLog = 0;
		};
/* End PBXShellScriptBuildPhase section */

/* Begin PBXSourcesBuildPhase section */
		5F6BCE191BB172A700AA0531 /* Sources */ = {
			isa = PBXSourcesBuildPhase;
			buildActionMask = 2147483647;
			files = (
				5F8C43831BB1802700BA58DA /* Contact.m in Sources */,
				5F6BCE281BB172A700AA0531 /* ViewController.m in Sources */,
				5F6BCE251BB172A700AA0531 /* AppDelegate.m in Sources */,
				5F6BCE221BB172A700AA0531 /* main.m in Sources */,
			);
			runOnlyForDeploymentPostprocessing = 0;
		};
		5F6BCE321BB172A700AA0531 /* Sources */ = {
			isa = PBXSourcesBuildPhase;
			buildActionMask = 2147483647;
			files = (
				5F61C1771BB1AAEC00E160F9 /* ContactSpec.m in Sources */,
				5F61C17D1BB1AD1500E160F9 /* JsonFixtures.m in Sources */,
			);
			runOnlyForDeploymentPostprocessing = 0;
		};
/* End PBXSourcesBuildPhase section */

/* Begin PBXTargetDependency section */
		5F6BCE381BB172A700AA0531 /* PBXTargetDependency */ = {
			isa = PBXTargetDependency;
			target = 5F6BCE1C1BB172A700AA0531 /* Contacts */;
			targetProxy = 5F6BCE371BB172A700AA0531 /* PBXContainerItemProxy */;
		};
/* End PBXTargetDependency section */

/* Begin PBXVariantGroup section */
		5F6BCE291BB172A700AA0531 /* Main.storyboard */ = {
			isa = PBXVariantGroup;
			children = (
				5F6BCE2A1BB172A700AA0531 /* Base */,
			);
			name = Main.storyboard;
			path = .;
			sourceTree = "<group>";
		};
		5F6BCE2E1BB172A700AA0531 /* LaunchScreen.storyboard */ = {
			isa = PBXVariantGroup;
			children = (
				5F6BCE2F1BB172A700AA0531 /* Base */,
			);
			name = LaunchScreen.storyboard;
			path = .;
			sourceTree = "<group>";
		};
/* End PBXVariantGroup section */

/* Begin XCBuildConfiguration section */
		5F6BCE3D1BB172A700AA0531 /* Debug */ = {
			isa = XCBuildConfiguration;
			baseConfigurationReference = 5F60A9BF1BB1784A00D0FF43 /* Project-Debug.xcconfig */;
			buildSettings = {
				ALWAYS_SEARCH_USER_PATHS = NO;
				CLANG_CXX_LANGUAGE_STANDARD = "gnu++0x";
				CLANG_CXX_LIBRARY = "libc++";
				CLANG_ENABLE_MODULES = YES;
				CLANG_ENABLE_OBJC_ARC = YES;
				CLANG_WARN_BOOL_CONVERSION = YES;
				CLANG_WARN_CONSTANT_CONVERSION = YES;
				CLANG_WARN_DIRECT_OBJC_ISA_USAGE = YES_ERROR;
				CLANG_WARN_EMPTY_BODY = YES;
				CLANG_WARN_ENUM_CONVERSION = YES;
				CLANG_WARN_INT_CONVERSION = YES;
				CLANG_WARN_OBJC_ROOT_CLASS = YES_ERROR;
				CLANG_WARN_UNREACHABLE_CODE = YES;
				CLANG_WARN__DUPLICATE_METHOD_MATCH = YES;
				"CODE_SIGN_IDENTITY[sdk=iphoneos*]" = "iPhone Developer";
				COPY_PHASE_STRIP = NO;
				DEBUG_INFORMATION_FORMAT = dwarf;
				ENABLE_STRICT_OBJC_MSGSEND = YES;
				ENABLE_TESTABILITY = YES;
				GCC_C_LANGUAGE_STANDARD = gnu99;
				GCC_DYNAMIC_NO_PIC = NO;
				GCC_NO_COMMON_BLOCKS = YES;
				GCC_OPTIMIZATION_LEVEL = 0;
				GCC_PREPROCESSOR_DEFINITIONS = (
					"DEBUG=1",
					"$(inherited)",
				);
				GCC_WARN_64_TO_32_BIT_CONVERSION = YES;
				GCC_WARN_ABOUT_RETURN_TYPE = YES_ERROR;
				GCC_WARN_UNDECLARED_SELECTOR = YES;
				GCC_WARN_UNINITIALIZED_AUTOS = YES_AGGRESSIVE;
				GCC_WARN_UNUSED_FUNCTION = YES;
				GCC_WARN_UNUSED_VARIABLE = YES;
				IPHONEOS_DEPLOYMENT_TARGET = 8.0;
				MTL_ENABLE_DEBUG_INFO = YES;
				ONLY_ACTIVE_ARCH = YES;
				SDKROOT = iphoneos;
			};
			name = Debug;
		};
		5F6BCE3E1BB172A700AA0531 /* Release */ = {
			isa = XCBuildConfiguration;
			baseConfigurationReference = 5F60A9C01BB1784A00D0FF43 /* Project-Release.xcconfig */;
			buildSettings = {
				ALWAYS_SEARCH_USER_PATHS = NO;
				CLANG_CXX_LANGUAGE_STANDARD = "gnu++0x";
				CLANG_CXX_LIBRARY = "libc++";
				CLANG_ENABLE_MODULES = YES;
				CLANG_ENABLE_OBJC_ARC = YES;
				CLANG_WARN_BOOL_CONVERSION = YES;
				CLANG_WARN_CONSTANT_CONVERSION = YES;
				CLANG_WARN_DIRECT_OBJC_ISA_USAGE = YES_ERROR;
				CLANG_WARN_EMPTY_BODY = YES;
				CLANG_WARN_ENUM_CONVERSION = YES;
				CLANG_WARN_INT_CONVERSION = YES;
				CLANG_WARN_OBJC_ROOT_CLASS = YES_ERROR;
				CLANG_WARN_UNREACHABLE_CODE = YES;
				CLANG_WARN__DUPLICATE_METHOD_MATCH = YES;
				"CODE_SIGN_IDENTITY[sdk=iphoneos*]" = "iPhone Developer";
				COPY_PHASE_STRIP = NO;
				DEBUG_INFORMATION_FORMAT = "dwarf-with-dsym";
				ENABLE_NS_ASSERTIONS = NO;
				ENABLE_STRICT_OBJC_MSGSEND = YES;
				GCC_C_LANGUAGE_STANDARD = gnu99;
				GCC_NO_COMMON_BLOCKS = YES;
				GCC_WARN_64_TO_32_BIT_CONVERSION = YES;
				GCC_WARN_ABOUT_RETURN_TYPE = YES_ERROR;
				GCC_WARN_UNDECLARED_SELECTOR = YES;
				GCC_WARN_UNINITIALIZED_AUTOS = YES_AGGRESSIVE;
				GCC_WARN_UNUSED_FUNCTION = YES;
				GCC_WARN_UNUSED_VARIABLE = YES;
				IPHONEOS_DEPLOYMENT_TARGET = 8.0;
				MTL_ENABLE_DEBUG_INFO = NO;
				SDKROOT = iphoneos;
				VALIDATE_PRODUCT = YES;
			};
			name = Release;
		};
		5F6BCE401BB172A700AA0531 /* Debug */ = {
			isa = XCBuildConfiguration;
			baseConfigurationReference = 5F60A9B91BB1784A00D0FF43 /* Contacts-Debug.xcconfig */;
			buildSettings = {
				ASSETCATALOG_COMPILER_APPICON_NAME = AppIcon;
				INFOPLIST_FILE = Contacts/Info.plist;
				LD_RUNPATH_SEARCH_PATHS = "$(inherited) @executable_path/Frameworks";
				PRODUCT_BUNDLE_IDENTIFIER = com.roisagiv.Contacts;
				PRODUCT_NAME = "$(TARGET_NAME)";
			};
			name = Debug;
		};
		5F6BCE411BB172A700AA0531 /* Release */ = {
			isa = XCBuildConfiguration;
			baseConfigurationReference = 5F60A9BA1BB1784A00D0FF43 /* Contacts-Release.xcconfig */;
			buildSettings = {
				ASSETCATALOG_COMPILER_APPICON_NAME = AppIcon;
				INFOPLIST_FILE = Contacts/Info.plist;
				LD_RUNPATH_SEARCH_PATHS = "$(inherited) @executable_path/Frameworks";
				PRODUCT_BUNDLE_IDENTIFIER = com.roisagiv.Contacts;
				PRODUCT_NAME = "$(TARGET_NAME)";
			};
			name = Release;
		};
		5F6BCE431BB172A700AA0531 /* Debug */ = {
			isa = XCBuildConfiguration;
			baseConfigurationReference = 5F60A9BC1BB1784A00D0FF43 /* ContactsTests-Debug.xcconfig */;
			buildSettings = {
				BUNDLE_LOADER = "$(TEST_HOST)";
				INFOPLIST_FILE = ContactsTests/Info.plist;
				LD_RUNPATH_SEARCH_PATHS = "$(inherited) @executable_path/Frameworks @loader_path/Frameworks";
				PRODUCT_BUNDLE_IDENTIFIER = com.roisagiv.ContactsTests;
				PRODUCT_NAME = "$(TARGET_NAME)";
				TEST_HOST = "$(BUILT_PRODUCTS_DIR)/Contacts.app/Contacts";
			};
			name = Debug;
		};
		5F6BCE441BB172A700AA0531 /* Release */ = {
			isa = XCBuildConfiguration;
			baseConfigurationReference = 5F60A9BD1BB1784A00D0FF43 /* ContactsTests-Release.xcconfig */;
			buildSettings = {
				BUNDLE_LOADER = "$(TEST_HOST)";
				INFOPLIST_FILE = ContactsTests/Info.plist;
				LD_RUNPATH_SEARCH_PATHS = "$(inherited) @executable_path/Frameworks @loader_path/Frameworks";
				PRODUCT_BUNDLE_IDENTIFIER = com.roisagiv.ContactsTests;
				PRODUCT_NAME = "$(TARGET_NAME)";
				TEST_HOST = "$(BUILT_PRODUCTS_DIR)/Contacts.app/Contacts";
			};
			name = Release;
		};
/* End XCBuildConfiguration section */

/* Begin XCConfigurationList section */
		5F6BCE181BB172A700AA0531 /* Build configuration list for PBXProject "Contacts" */ = {
			isa = XCConfigurationList;
			buildConfigurations = (
				5F6BCE3D1BB172A700AA0531 /* Debug */,
				5F6BCE3E1BB172A700AA0531 /* Release */,
			);
			defaultConfigurationIsVisible = 0;
			defaultConfigurationName = Release;
		};
		5F6BCE3F1BB172A700AA0531 /* Build configuration list for PBXNativeTarget "Contacts" */ = {
			isa = XCConfigurationList;
			buildConfigurations = (
				5F6BCE401BB172A700AA0531 /* Debug */,
				5F6BCE411BB172A700AA0531 /* Release */,
			);
			defaultConfigurationIsVisible = 0;
			defaultConfigurationName = Release;
		};
		5F6BCE421BB172A700AA0531 /* Build configuration list for PBXNativeTarget "ContactsTests" */ = {
			isa = XCConfigurationList;
			buildConfigurations = (
				5F6BCE431BB172A700AA0531 /* Debug */,
				5F6BCE441BB172A700AA0531 /* Release */,
			);
			defaultConfigurationIsVisible = 0;
			defaultConfigurationName = Release;
		};
/* End XCConfigurationList section */
	};
	rootObject = 5F6BCE151BB172A700AA0531 /* Project object */;
}
